
Microsoft Visual Studio Solution File, Format Version 12.00
# Visual Studio Version 16
VisualStudioVersion = 16.0.30503.244
MinimumVisualStudioVersion = 10.0.40219.1
Project("{9A19103F-16F7-4668-BE54-9A1E7A4F7556}") = "Project_app", "ConsoleApp2\Project_app.csproj", "{725D052E-4A10-4064-90EA-92BB8DBF3C2B}"
EndProject
Project("{9A19103F-16F7-4668-BE54-9A1E7A4F7556}") = "Project_test", "Project_test\Project_test.csproj", "{764D67C4-A936-4EBB-BEE2-03EB032D7269}"
EndProject
Global
	GlobalSection(SolutionConfigurationPlatforms) = preSolution
		Debug|Any CPU = Debug|Any CPU
		Release|Any CPU = Release|Any CPU
	EndGlobalSection
	GlobalSection(ProjectConfigurationPlatforms) = postSolution
		{725D052E-4A10-4064-90EA-92BB8DBF3C2B}.Debug|Any CPU.ActiveCfg = Debug|Any CPU
		{725D052E-4A10-4064-90EA-92BB8DBF3C2B}.Debug|Any CPU.Build.0 = Debug|Any CPU
		{725D052E-4A10-4064-90EA-92BB8DBF3C2B}.Release|Any CPU.ActiveCfg = Release|Any CPU
		{725D052E-4A10-4064-90EA-92BB8DBF3C2B}.Release|Any CPU.Build.0 = Release|Any CPU
		{764D67C4-A936-4EBB-BEE2-03EB032D7269}.Debug|Any CPU.ActiveCfg = Debug|Any CPU
		{764D67C4-A936-4EBB-BEE2-03EB032D7269}.Debug|Any CPU.Build.0 = Debug|Any CPU
		{764D67C4-A936-4EBB-BEE2-03EB032D7269}.Release|Any CPU.ActiveCfg = Release|Any CPU
		{764D67C4-A936-4EBB-BEE2-03EB032D7269}.Release|Any CPU.Build.0 = Release|Any CPU
	EndGlobalSection
	GlobalSection(SolutionProperties) = preSolution
		HideSolutionNode = FALSE
	EndGlobalSection
	GlobalSection(ExtensibilityGlobals) = postSolution
		SolutionGuid = {F469E84C-8D9E-4FF2-96FF-8C4153A856C2}
	EndGlobalSection
EndGlobal
